
Microsoft Visual Studio Solution File, Format Version 12.00
# Visual Studio 14
VisualStudioVersion = 14.0.24720.0
MinimumVisualStudioVersion = 10.0.40219.1
Project("{FAE04EC0-301F-11D3-BF4B-00C04F79EFBC}") = "Roboworld.Recipes.WebApi", "Roboworld.Recipes.WebApi\Roboworld.Recipes.WebApi.csproj", "{8D654058-51EC-4E25-A024-ACD582F83B02}"
EndProject
Project("{00D1A9C2-B5F0-4AF3-8072-F6C62B433612}") = "Roboworld.Recipes.Database", "Roboworld.Recipes.Database\Roboworld.Recipes.Database.sqlproj", "{86FA9522-AFAE-4FA1-9951-03E51E819184}"
EndProject
Project("{FAE04EC0-301F-11D3-BF4B-00C04F79EFBC}") = "Roboworld.Lua.Tests", "Roboworld.Lua.Tests\Roboworld.Lua.Tests.csproj", "{F64CE16E-E15F-4DF0-AF8F-0F0F2FD862E9}"
EndProject
Project("{FAE04EC0-301F-11D3-BF4B-00C04F79EFBC}") = "Roboworld.Lua", "Roboworld.Lua\Roboworld.Lua.csproj", "{20265270-DE59-4602-89EC-B9741A444A10}"
EndProject
Project("{2150E333-8FDC-42A3-9474-1A3956D46DE8}") = "WebApis", "WebApis", "{5D359027-E586-4E9B-9E04-9BF509F0C19F}"
EndProject
Project("{FAE04EC0-301F-11D3-BF4B-00C04F79EFBC}") = "Roboworld.Gateway.WebApi", "Roboworld.Gateway.WebApi\Roboworld.Gateway.WebApi.csproj", "{7359CD89-23BD-4746-90D7-FC8D73466835}"
EndProject
Project("{FAE04EC0-301F-11D3-BF4B-00C04F79EFBC}") = "Roboworld.Tests", "Roboworld.Tests\Roboworld.Tests.csproj", "{5452F8E0-27C3-426C-A750-5EEE22A65211}"
EndProject
Project("{2150E333-8FDC-42A3-9474-1A3956D46DE8}") = "Tests", "Tests", "{CAD9F10F-39CC-4A40-A4F5-203CE389E615}"
EndProject
Project("{2150E333-8FDC-42A3-9474-1A3956D46DE8}") = "Utilities", "Utilities", "{ABE763D7-4260-49FD-AA5E-0135ADBAC1F5}"
EndProject
Project("{FAE04EC0-301F-11D3-BF4B-00C04F79EFBC}") = "Roboworld.CraftingGuideImporter", "Roboworld.CraftingGuideImporter\Roboworld.CraftingGuideImporter.csproj", "{CC354952-D0F4-4437-BECA-80C8C4BA8D09}"
EndProject
Project("{2150E333-8FDC-42A3-9474-1A3956D46DE8}") = "WebApps", "WebApps", "{469443A9-4701-48AA-B4F0-0705C2F6F348}"
EndProject
Project("{FAE04EC0-301F-11D3-BF4B-00C04F79EFBC}") = "Roboworld.WebApp", "Roboworld.WebApp\Roboworld.WebApp.csproj", "{28601561-A040-4889-9027-CEC4B7BB9CAB}"
EndProject
Project("{FAE04EC0-301F-11D3-BF4B-00C04F79EFBC}") = "Roboworld.RecipeImporter", "Roboworld.RecipeImporter\Roboworld.RecipeImporter.csproj", "{B5D67994-CE98-47A7-8E9E-F86D5E0ADFC7}"
EndProject
Global
	GlobalSection(SolutionConfigurationPlatforms) = preSolution
		Debug|Any CPU = Debug|Any CPU
		Release|Any CPU = Release|Any CPU
	EndGlobalSection
	GlobalSection(ProjectConfigurationPlatforms) = postSolution
		{8D654058-51EC-4E25-A024-ACD582F83B02}.Debug|Any CPU.ActiveCfg = Debug|Any CPU
		{8D654058-51EC-4E25-A024-ACD582F83B02}.Debug|Any CPU.Build.0 = Debug|Any CPU
		{8D654058-51EC-4E25-A024-ACD582F83B02}.Release|Any CPU.ActiveCfg = Release|Any CPU
		{8D654058-51EC-4E25-A024-ACD582F83B02}.Release|Any CPU.Build.0 = Release|Any CPU
		{86FA9522-AFAE-4FA1-9951-03E51E819184}.Debug|Any CPU.ActiveCfg = Debug|Any CPU
		{86FA9522-AFAE-4FA1-9951-03E51E819184}.Debug|Any CPU.Build.0 = Debug|Any CPU
		{86FA9522-AFAE-4FA1-9951-03E51E819184}.Debug|Any CPU.Deploy.0 = Debug|Any CPU
		{86FA9522-AFAE-4FA1-9951-03E51E819184}.Release|Any CPU.ActiveCfg = Release|Any CPU
		{86FA9522-AFAE-4FA1-9951-03E51E819184}.Release|Any CPU.Build.0 = Release|Any CPU
		{86FA9522-AFAE-4FA1-9951-03E51E819184}.Release|Any CPU.Deploy.0 = Release|Any CPU
		{F64CE16E-E15F-4DF0-AF8F-0F0F2FD862E9}.Debug|Any CPU.ActiveCfg = Debug|Any CPU
		{F64CE16E-E15F-4DF0-AF8F-0F0F2FD862E9}.Debug|Any CPU.Build.0 = Debug|Any CPU
		{F64CE16E-E15F-4DF0-AF8F-0F0F2FD862E9}.Release|Any CPU.ActiveCfg = Release|Any CPU
		{F64CE16E-E15F-4DF0-AF8F-0F0F2FD862E9}.Release|Any CPU.Build.0 = Release|Any CPU
		{20265270-DE59-4602-89EC-B9741A444A10}.Debug|Any CPU.ActiveCfg = Debug|Any CPU
		{20265270-DE59-4602-89EC-B9741A444A10}.Debug|Any CPU.Build.0 = Debug|Any CPU
		{20265270-DE59-4602-89EC-B9741A444A10}.Release|Any CPU.ActiveCfg = Release|Any CPU
		{20265270-DE59-4602-89EC-B9741A444A10}.Release|Any CPU.Build.0 = Release|Any CPU
		{7359CD89-23BD-4746-90D7-FC8D73466835}.Debug|Any CPU.ActiveCfg = Debug|Any CPU
		{7359CD89-23BD-4746-90D7-FC8D73466835}.Debug|Any CPU.Build.0 = Debug|Any CPU
		{7359CD89-23BD-4746-90D7-FC8D73466835}.Release|Any CPU.ActiveCfg = Release|Any CPU
		{7359CD89-23BD-4746-90D7-FC8D73466835}.Release|Any CPU.Build.0 = Release|Any CPU
		{5452F8E0-27C3-426C-A750-5EEE22A65211}.Debug|Any CPU.ActiveCfg = Debug|Any CPU
		{5452F8E0-27C3-426C-A750-5EEE22A65211}.Debug|Any CPU.Build.0 = Debug|Any CPU
		{5452F8E0-27C3-426C-A750-5EEE22A65211}.Release|Any CPU.ActiveCfg = Release|Any CPU
		{5452F8E0-27C3-426C-A750-5EEE22A65211}.Release|Any CPU.Build.0 = Release|Any CPU
		{CC354952-D0F4-4437-BECA-80C8C4BA8D09}.Debug|Any CPU.ActiveCfg = Debug|Any CPU
		{CC354952-D0F4-4437-BECA-80C8C4BA8D09}.Debug|Any CPU.Build.0 = Debug|Any CPU
		{CC354952-D0F4-4437-BECA-80C8C4BA8D09}.Release|Any CPU.ActiveCfg = Release|Any CPU
		{CC354952-D0F4-4437-BECA-80C8C4BA8D09}.Release|Any CPU.Build.0 = Release|Any CPU
		{28601561-A040-4889-9027-CEC4B7BB9CAB}.Debug|Any CPU.ActiveCfg = Debug|Any CPU
		{28601561-A040-4889-9027-CEC4B7BB9CAB}.Debug|Any CPU.Build.0 = Debug|Any CPU
		{28601561-A040-4889-9027-CEC4B7BB9CAB}.Release|Any CPU.ActiveCfg = Release|Any CPU
		{28601561-A040-4889-9027-CEC4B7BB9CAB}.Release|Any CPU.Build.0 = Release|Any CPU
		{B5D67994-CE98-47A7-8E9E-F86D5E0ADFC7}.Debug|Any CPU.ActiveCfg = Debug|Any CPU
		{B5D67994-CE98-47A7-8E9E-F86D5E0ADFC7}.Debug|Any CPU.Build.0 = Debug|Any CPU
		{B5D67994-CE98-47A7-8E9E-F86D5E0ADFC7}.Release|Any CPU.ActiveCfg = Release|Any CPU
		{B5D67994-CE98-47A7-8E9E-F86D5E0ADFC7}.Release|Any CPU.Build.0 = Release|Any CPU
	EndGlobalSection
	GlobalSection(SolutionProperties) = preSolution
		HideSolutionNode = FALSE
	EndGlobalSection
	GlobalSection(NestedProjects) = preSolution
		{8D654058-51EC-4E25-A024-ACD582F83B02} = {5D359027-E586-4E9B-9E04-9BF509F0C19F}
		{F64CE16E-E15F-4DF0-AF8F-0F0F2FD862E9} = {CAD9F10F-39CC-4A40-A4F5-203CE389E615}
		{7359CD89-23BD-4746-90D7-FC8D73466835} = {5D359027-E586-4E9B-9E04-9BF509F0C19F}
		{5452F8E0-27C3-426C-A750-5EEE22A65211} = {CAD9F10F-39CC-4A40-A4F5-203CE389E615}
		{CC354952-D0F4-4437-BECA-80C8C4BA8D09} = {ABE763D7-4260-49FD-AA5E-0135ADBAC1F5}
		{28601561-A040-4889-9027-CEC4B7BB9CAB} = {469443A9-4701-48AA-B4F0-0705C2F6F348}
		{B5D67994-CE98-47A7-8E9E-F86D5E0ADFC7} = {ABE763D7-4260-49FD-AA5E-0135ADBAC1F5}
	EndGlobalSection
EndGlobal
