
Microsoft Visual Studio Solution File, Format Version 12.00
# Visual Studio 14
VisualStudioVersion = 14.0.24720.0
MinimumVisualStudioVersion = 10.0.40219.1
Project("{FAE04EC0-301F-11D3-BF4B-00C04F79EFBC}") = "Roboworld.Recipes.WebApi", "Roboworld.Recipes.WebApi\Roboworld.Recipes.WebApi.csproj", "{8D654058-51EC-4E25-A024-ACD582F83B02}"
EndProject
Project("{00D1A9C2-B5F0-4AF3-8072-F6C62B433612}") = "Roboworld.Recipes.Database", "Roboworld.Recipes.Database\Roboworld.Recipes.Database.sqlproj", "{86FA9522-AFAE-4FA1-9951-03E51E819184}"
EndProject
Global
	GlobalSection(SolutionConfigurationPlatforms) = preSolution
		Debug|Any CPU = Debug|Any CPU
		Release|Any CPU = Release|Any CPU
	EndGlobalSection
	GlobalSection(ProjectConfigurationPlatforms) = postSolution
		{8D654058-51EC-4E25-A024-ACD582F83B02}.Debug|Any CPU.ActiveCfg = Debug|Any CPU
		{8D654058-51EC-4E25-A024-ACD582F83B02}.Debug|Any CPU.Build.0 = Debug|Any CPU
		{8D654058-51EC-4E25-A024-ACD582F83B02}.Release|Any CPU.ActiveCfg = Release|Any CPU
		{8D654058-51EC-4E25-A024-ACD582F83B02}.Release|Any CPU.Build.0 = Release|Any CPU
		{86FA9522-AFAE-4FA1-9951-03E51E819184}.Debug|Any CPU.ActiveCfg = Debug|Any CPU
		{86FA9522-AFAE-4FA1-9951-03E51E819184}.Debug|Any CPU.Build.0 = Debug|Any CPU
		{86FA9522-AFAE-4FA1-9951-03E51E819184}.Debug|Any CPU.Deploy.0 = Debug|Any CPU
		{86FA9522-AFAE-4FA1-9951-03E51E819184}.Release|Any CPU.ActiveCfg = Release|Any CPU
		{86FA9522-AFAE-4FA1-9951-03E51E819184}.Release|Any CPU.Build.0 = Release|Any CPU
		{86FA9522-AFAE-4FA1-9951-03E51E819184}.Release|Any CPU.Deploy.0 = Release|Any CPU
	EndGlobalSection
	GlobalSection(SolutionProperties) = preSolution
		HideSolutionNode = FALSE
	EndGlobalSection
EndGlobal
